
Microsoft Visual Studio Solution File, Format Version 12.00
# Visual Studio Version 16
VisualStudioVersion = 16.0.31112.23
MinimumVisualStudioVersion = 10.0.40219.1
Project("{8BC9CEB8-8B4A-11D0-8D11-00A0C91BC942}") = "conding-test-section-7-cpp-", "conding-test-section-7-cpp-\conding-test-section-7-cpp-.vcxproj", "{7078DB54-74DD-45AC-8BA4-99364E896A8B}"
EndProject
Project("{8BC9CEB8-8B4A-11D0-8D11-00A0C91BC942}") = "미로탐색(DFS)", "미로탐색(DFS)\미로탐색(DFS).vcxproj", "{B32A8C76-4FA6-4805-96E8-44DD3474B2E8}"
EndProject
Project("{8BC9CEB8-8B4A-11D0-8D11-00A0C91BC942}") = "미로의 최단거리 통로(BFS 활용)", "미로의 최단거리 통로(BFS 활용)\미로의 최단거리 통로(BFS 활용).vcxproj", "{04F6C9D3-47B9-4D85-B6D4-2DAE48DA1A32}"
EndProject
Project("{8BC9CEB8-8B4A-11D0-8D11-00A0C91BC942}") = "등산경로(DFS)", "등산경로(DFS)\등산경로(DFS).vcxproj", "{33ABF7CF-5F71-48D7-B2F6-01DD645AD2AC}"
EndProject
Project("{8BC9CEB8-8B4A-11D0-8D11-00A0C91BC942}") = "섬나라 아일랜드(BFS 활용)", "섬나라 아일랜드(BFS 활용)\섬나라 아일랜드(BFS 활용).vcxproj", "{5C8CB2F8-2301-4185-A12B-66E8CDFA3AE9}"
EndProject
Project("{8BC9CEB8-8B4A-11D0-8D11-00A0C91BC942}") = "최대점수 구하기(DFS)", "최대점수 구하기(DFS)\최대점수 구하기(DFS).vcxproj", "{268A283E-D61D-433A-92AC-2F8C43D0C9C0}"
EndProject
Project("{8BC9CEB8-8B4A-11D0-8D11-00A0C91BC942}") = "단지 번호 붙이기(DFS, BFS)", "단지 번호 붙이기(DFS, BFS)\단지 번호 붙이기(DFS, BFS).vcxproj", "{AB6A9567-B934-4662-96B4-9047D483A1E8}"
EndProject
Project("{8BC9CEB8-8B4A-11D0-8D11-00A0C91BC942}") = "안전영역(BFS)", "안전영역(BFS)\안전영역(BFS).vcxproj", "{F6DCD68D-1B12-4D84-A06D-40DBA37094F8}"
EndProject
Global
	GlobalSection(SolutionConfigurationPlatforms) = preSolution
		Debug|x64 = Debug|x64
		Debug|x86 = Debug|x86
		Release|x64 = Release|x64
		Release|x86 = Release|x86
	EndGlobalSection
	GlobalSection(ProjectConfigurationPlatforms) = postSolution
		{7078DB54-74DD-45AC-8BA4-99364E896A8B}.Debug|x64.ActiveCfg = Debug|x64
		{7078DB54-74DD-45AC-8BA4-99364E896A8B}.Debug|x64.Build.0 = Debug|x64
		{7078DB54-74DD-45AC-8BA4-99364E896A8B}.Debug|x86.ActiveCfg = Debug|Win32
		{7078DB54-74DD-45AC-8BA4-99364E896A8B}.Debug|x86.Build.0 = Debug|Win32
		{7078DB54-74DD-45AC-8BA4-99364E896A8B}.Release|x64.ActiveCfg = Release|x64
		{7078DB54-74DD-45AC-8BA4-99364E896A8B}.Release|x64.Build.0 = Release|x64
		{7078DB54-74DD-45AC-8BA4-99364E896A8B}.Release|x86.ActiveCfg = Release|Win32
		{7078DB54-74DD-45AC-8BA4-99364E896A8B}.Release|x86.Build.0 = Release|Win32
		{B32A8C76-4FA6-4805-96E8-44DD3474B2E8}.Debug|x64.ActiveCfg = Debug|x64
		{B32A8C76-4FA6-4805-96E8-44DD3474B2E8}.Debug|x64.Build.0 = Debug|x64
		{B32A8C76-4FA6-4805-96E8-44DD3474B2E8}.Debug|x86.ActiveCfg = Debug|Win32
		{B32A8C76-4FA6-4805-96E8-44DD3474B2E8}.Debug|x86.Build.0 = Debug|Win32
		{B32A8C76-4FA6-4805-96E8-44DD3474B2E8}.Release|x64.ActiveCfg = Release|x64
		{B32A8C76-4FA6-4805-96E8-44DD3474B2E8}.Release|x64.Build.0 = Release|x64
		{B32A8C76-4FA6-4805-96E8-44DD3474B2E8}.Release|x86.ActiveCfg = Release|Win32
		{B32A8C76-4FA6-4805-96E8-44DD3474B2E8}.Release|x86.Build.0 = Release|Win32
		{04F6C9D3-47B9-4D85-B6D4-2DAE48DA1A32}.Debug|x64.ActiveCfg = Debug|x64
		{04F6C9D3-47B9-4D85-B6D4-2DAE48DA1A32}.Debug|x64.Build.0 = Debug|x64
		{04F6C9D3-47B9-4D85-B6D4-2DAE48DA1A32}.Debug|x86.ActiveCfg = Debug|Win32
		{04F6C9D3-47B9-4D85-B6D4-2DAE48DA1A32}.Debug|x86.Build.0 = Debug|Win32
		{04F6C9D3-47B9-4D85-B6D4-2DAE48DA1A32}.Release|x64.ActiveCfg = Release|x64
		{04F6C9D3-47B9-4D85-B6D4-2DAE48DA1A32}.Release|x64.Build.0 = Release|x64
		{04F6C9D3-47B9-4D85-B6D4-2DAE48DA1A32}.Release|x86.ActiveCfg = Release|Win32
		{04F6C9D3-47B9-4D85-B6D4-2DAE48DA1A32}.Release|x86.Build.0 = Release|Win32
		{33ABF7CF-5F71-48D7-B2F6-01DD645AD2AC}.Debug|x64.ActiveCfg = Debug|x64
		{33ABF7CF-5F71-48D7-B2F6-01DD645AD2AC}.Debug|x64.Build.0 = Debug|x64
		{33ABF7CF-5F71-48D7-B2F6-01DD645AD2AC}.Debug|x86.ActiveCfg = Debug|Win32
		{33ABF7CF-5F71-48D7-B2F6-01DD645AD2AC}.Debug|x86.Build.0 = Debug|Win32
		{33ABF7CF-5F71-48D7-B2F6-01DD645AD2AC}.Release|x64.ActiveCfg = Release|x64
		{33ABF7CF-5F71-48D7-B2F6-01DD645AD2AC}.Release|x64.Build.0 = Release|x64
		{33ABF7CF-5F71-48D7-B2F6-01DD645AD2AC}.Release|x86.ActiveCfg = Release|Win32
		{33ABF7CF-5F71-48D7-B2F6-01DD645AD2AC}.Release|x86.Build.0 = Release|Win32
		{5C8CB2F8-2301-4185-A12B-66E8CDFA3AE9}.Debug|x64.ActiveCfg = Debug|x64
		{5C8CB2F8-2301-4185-A12B-66E8CDFA3AE9}.Debug|x64.Build.0 = Debug|x64
		{5C8CB2F8-2301-4185-A12B-66E8CDFA3AE9}.Debug|x86.ActiveCfg = Debug|Win32
		{5C8CB2F8-2301-4185-A12B-66E8CDFA3AE9}.Debug|x86.Build.0 = Debug|Win32
		{5C8CB2F8-2301-4185-A12B-66E8CDFA3AE9}.Release|x64.ActiveCfg = Release|x64
		{5C8CB2F8-2301-4185-A12B-66E8CDFA3AE9}.Release|x64.Build.0 = Release|x64
		{5C8CB2F8-2301-4185-A12B-66E8CDFA3AE9}.Release|x86.ActiveCfg = Release|Win32
		{5C8CB2F8-2301-4185-A12B-66E8CDFA3AE9}.Release|x86.Build.0 = Release|Win32
		{268A283E-D61D-433A-92AC-2F8C43D0C9C0}.Debug|x64.ActiveCfg = Debug|x64
		{268A283E-D61D-433A-92AC-2F8C43D0C9C0}.Debug|x64.Build.0 = Debug|x64
		{268A283E-D61D-433A-92AC-2F8C43D0C9C0}.Debug|x86.ActiveCfg = Debug|Win32
		{268A283E-D61D-433A-92AC-2F8C43D0C9C0}.Debug|x86.Build.0 = Debug|Win32
		{268A283E-D61D-433A-92AC-2F8C43D0C9C0}.Release|x64.ActiveCfg = Release|x64
		{268A283E-D61D-433A-92AC-2F8C43D0C9C0}.Release|x64.Build.0 = Release|x64
		{268A283E-D61D-433A-92AC-2F8C43D0C9C0}.Release|x86.ActiveCfg = Release|Win32
		{268A283E-D61D-433A-92AC-2F8C43D0C9C0}.Release|x86.Build.0 = Release|Win32
		{AB6A9567-B934-4662-96B4-9047D483A1E8}.Debug|x64.ActiveCfg = Debug|x64
		{AB6A9567-B934-4662-96B4-9047D483A1E8}.Debug|x64.Build.0 = Debug|x64
		{AB6A9567-B934-4662-96B4-9047D483A1E8}.Debug|x86.ActiveCfg = Debug|Win32
		{AB6A9567-B934-4662-96B4-9047D483A1E8}.Debug|x86.Build.0 = Debug|Win32
		{AB6A9567-B934-4662-96B4-9047D483A1E8}.Release|x64.ActiveCfg = Release|x64
		{AB6A9567-B934-4662-96B4-9047D483A1E8}.Release|x64.Build.0 = Release|x64
		{AB6A9567-B934-4662-96B4-9047D483A1E8}.Release|x86.ActiveCfg = Release|Win32
		{AB6A9567-B934-4662-96B4-9047D483A1E8}.Release|x86.Build.0 = Release|Win32
		{F6DCD68D-1B12-4D84-A06D-40DBA37094F8}.Debug|x64.ActiveCfg = Debug|x64
		{F6DCD68D-1B12-4D84-A06D-40DBA37094F8}.Debug|x64.Build.0 = Debug|x64
		{F6DCD68D-1B12-4D84-A06D-40DBA37094F8}.Debug|x86.ActiveCfg = Debug|Win32
		{F6DCD68D-1B12-4D84-A06D-40DBA37094F8}.Debug|x86.Build.0 = Debug|Win32
		{F6DCD68D-1B12-4D84-A06D-40DBA37094F8}.Release|x64.ActiveCfg = Release|x64
		{F6DCD68D-1B12-4D84-A06D-40DBA37094F8}.Release|x64.Build.0 = Release|x64
		{F6DCD68D-1B12-4D84-A06D-40DBA37094F8}.Release|x86.ActiveCfg = Release|Win32
		{F6DCD68D-1B12-4D84-A06D-40DBA37094F8}.Release|x86.Build.0 = Release|Win32
	EndGlobalSection
	GlobalSection(SolutionProperties) = preSolution
		HideSolutionNode = FALSE
	EndGlobalSection
	GlobalSection(ExtensibilityGlobals) = postSolution
		SolutionGuid = {F20D563E-8539-424C-8B8F-494BEB6705F7}
	EndGlobalSection
EndGlobal
